
Microsoft Visual Studio Solution File, Format Version 12.00
# Visual Studio 14
VisualStudioVersion = 14.0.25420.1
MinimumVisualStudioVersion = 10.0.40219.1
Project("{FAE04EC0-301F-11D3-BF4B-00C04F79EFBC}") = "Bai1", "Bai1\Bai1.csproj", "{0973C418-4282-4698-B311-32B53655413F}"
EndProject
Project("{FAE04EC0-301F-11D3-BF4B-00C04F79EFBC}") = "Bai2", "Bai2\Bai2.csproj", "{27884656-1F6C-4A4C-A031-403FA93033DA}"
EndProject
Project("{FAE04EC0-301F-11D3-BF4B-00C04F79EFBC}") = "Bai3", "Bai3\Bai3.csproj", "{C4D9F392-9CCD-4E83-BB06-A4C45307AD32}"
EndProject
Global
	GlobalSection(SolutionConfigurationPlatforms) = preSolution
		Debug|Any CPU = Debug|Any CPU
		Release|Any CPU = Release|Any CPU
	EndGlobalSection
	GlobalSection(ProjectConfigurationPlatforms) = postSolution
		{0973C418-4282-4698-B311-32B53655413F}.Debug|Any CPU.ActiveCfg = Debug|Any CPU
		{0973C418-4282-4698-B311-32B53655413F}.Debug|Any CPU.Build.0 = Debug|Any CPU
		{0973C418-4282-4698-B311-32B53655413F}.Release|Any CPU.ActiveCfg = Release|Any CPU
		{0973C418-4282-4698-B311-32B53655413F}.Release|Any CPU.Build.0 = Release|Any CPU
		{27884656-1F6C-4A4C-A031-403FA93033DA}.Debug|Any CPU.ActiveCfg = Debug|Any CPU
		{27884656-1F6C-4A4C-A031-403FA93033DA}.Debug|Any CPU.Build.0 = Debug|Any CPU
		{27884656-1F6C-4A4C-A031-403FA93033DA}.Release|Any CPU.ActiveCfg = Release|Any CPU
		{27884656-1F6C-4A4C-A031-403FA93033DA}.Release|Any CPU.Build.0 = Release|Any CPU
		{C4D9F392-9CCD-4E83-BB06-A4C45307AD32}.Debug|Any CPU.ActiveCfg = Debug|Any CPU
		{C4D9F392-9CCD-4E83-BB06-A4C45307AD32}.Debug|Any CPU.Build.0 = Debug|Any CPU
		{C4D9F392-9CCD-4E83-BB06-A4C45307AD32}.Release|Any CPU.ActiveCfg = Release|Any CPU
		{C4D9F392-9CCD-4E83-BB06-A4C45307AD32}.Release|Any CPU.Build.0 = Release|Any CPU
	EndGlobalSection
	GlobalSection(SolutionProperties) = preSolution
		HideSolutionNode = FALSE
	EndGlobalSection
EndGlobal
